
Microsoft Visual Studio Solution File, Format Version 12.00
# Visual Studio 2013
VisualStudioVersion = 12.0.30501.0
MinimumVisualStudioVersion = 10.0.40219.1
Project("{FAE04EC0-301F-11D3-BF4B-00C04F79EFBC}") = "BusinessEntities", "BusinessEntities\BusinessEntities.csproj", "{5887817E-6667-445D-80E3-7CC8AFDECC4C}"
EndProject
Project("{FAE04EC0-301F-11D3-BF4B-00C04F79EFBC}") = "BusinessServices", "BusinessServices\BusinessServices.csproj", "{A8A35C0D-5D84-4C78-B692-909648F7CE7D}"
EndProject
Project("{FAE04EC0-301F-11D3-BF4B-00C04F79EFBC}") = "DataModel", "DataModel\DataModel.csproj", "{9E5953D1-29A5-46D1-BB44-50389453976F}"
EndProject
Project("{FAE04EC0-301F-11D3-BF4B-00C04F79EFBC}") = "BiMetal", "BiMetal\BiMetal.csproj", "{AFC736DB-83A9-4DF4-B97C-1A22AE44C0CD}"
EndProject
Global
	GlobalSection(SolutionConfigurationPlatforms) = preSolution
		Debug|Any CPU = Debug|Any CPU
		Release|Any CPU = Release|Any CPU
	EndGlobalSection
	GlobalSection(ProjectConfigurationPlatforms) = postSolution
		{5887817E-6667-445D-80E3-7CC8AFDECC4C}.Debug|Any CPU.ActiveCfg = Debug|Any CPU
		{5887817E-6667-445D-80E3-7CC8AFDECC4C}.Debug|Any CPU.Build.0 = Debug|Any CPU
		{5887817E-6667-445D-80E3-7CC8AFDECC4C}.Release|Any CPU.ActiveCfg = Release|Any CPU
		{5887817E-6667-445D-80E3-7CC8AFDECC4C}.Release|Any CPU.Build.0 = Release|Any CPU
		{A8A35C0D-5D84-4C78-B692-909648F7CE7D}.Debug|Any CPU.ActiveCfg = Debug|Any CPU
		{A8A35C0D-5D84-4C78-B692-909648F7CE7D}.Debug|Any CPU.Build.0 = Debug|Any CPU
		{A8A35C0D-5D84-4C78-B692-909648F7CE7D}.Release|Any CPU.ActiveCfg = Release|Any CPU
		{A8A35C0D-5D84-4C78-B692-909648F7CE7D}.Release|Any CPU.Build.0 = Release|Any CPU
		{9E5953D1-29A5-46D1-BB44-50389453976F}.Debug|Any CPU.ActiveCfg = Debug|Any CPU
		{9E5953D1-29A5-46D1-BB44-50389453976F}.Debug|Any CPU.Build.0 = Debug|Any CPU
		{9E5953D1-29A5-46D1-BB44-50389453976F}.Release|Any CPU.ActiveCfg = Release|Any CPU
		{9E5953D1-29A5-46D1-BB44-50389453976F}.Release|Any CPU.Build.0 = Release|Any CPU
		{AFC736DB-83A9-4DF4-B97C-1A22AE44C0CD}.Debug|Any CPU.ActiveCfg = Debug|Any CPU
		{AFC736DB-83A9-4DF4-B97C-1A22AE44C0CD}.Debug|Any CPU.Build.0 = Debug|Any CPU
		{AFC736DB-83A9-4DF4-B97C-1A22AE44C0CD}.Release|Any CPU.ActiveCfg = Release|Any CPU
		{AFC736DB-83A9-4DF4-B97C-1A22AE44C0CD}.Release|Any CPU.Build.0 = Release|Any CPU
	EndGlobalSection
	GlobalSection(SolutionProperties) = preSolution
		HideSolutionNode = FALSE
	EndGlobalSection
EndGlobal
